
Microsoft Visual Studio Solution File, Format Version 12.00
# Visual Studio Version 17
VisualStudioVersion = 17.14.36301.6 d17.14
MinimumVisualStudioVersion = 10.0.40219.1
Project("{FAE04EC0-301F-11D3-BF4B-00C04F79EFBC}") = "Topic 5.5 - Classes", "Topic 5.5 - Classes.csproj", "{B816C4B7-F9BA-4F95-8F75-ED81B41E7DF2}"
EndProject
Global
	GlobalSection(SolutionConfigurationPlatforms) = preSolution
		Debug|Any CPU = Debug|Any CPU
		Release|Any CPU = Release|Any CPU
	EndGlobalSection
	GlobalSection(ProjectConfigurationPlatforms) = postSolution
		{B816C4B7-F9BA-4F95-8F75-ED81B41E7DF2}.Debug|Any CPU.ActiveCfg = Debug|Any CPU
		{B816C4B7-F9BA-4F95-8F75-ED81B41E7DF2}.Debug|Any CPU.Build.0 = Debug|Any CPU
		{B816C4B7-F9BA-4F95-8F75-ED81B41E7DF2}.Release|Any CPU.ActiveCfg = Release|Any CPU
		{B816C4B7-F9BA-4F95-8F75-ED81B41E7DF2}.Release|Any CPU.Build.0 = Release|Any CPU
	EndGlobalSection
	GlobalSection(SolutionProperties) = preSolution
		HideSolutionNode = FALSE
	EndGlobalSection
	GlobalSection(ExtensibilityGlobals) = postSolution
		SolutionGuid = {1B6FB528-792C-4C8F-AD10-F4DF8C74304F}
	EndGlobalSection
EndGlobal
